
Microsoft Visual Studio Solution File, Format Version 12.00
# Visual Studio Version 16
VisualStudioVersion = 16.0.29709.97
MinimumVisualStudioVersion = 10.0.40219.1
Project("{2150E333-8FDC-42A3-9474-1A3956D46DE8}") = "01.Framework", "01.Framework", "{1734B6AC-4DB7-46DD-9992-E2A92FC78ED1}"
EndProject
Project("{2150E333-8FDC-42A3-9474-1A3956D46DE8}") = "02.Domain", "02.Domain", "{0531C051-27E0-409E-898B-5E53AB8EF3C9}"
EndProject
Project("{2150E333-8FDC-42A3-9474-1A3956D46DE8}") = "03.Application", "03.Application", "{902AD8A5-6886-4A8C-A82F-5E90BF189417}"
EndProject
Project("{2150E333-8FDC-42A3-9474-1A3956D46DE8}") = "04.UnitTest", "04.UnitTest", "{25D8CC76-9C91-4B24-9FF4-A9BCD80DB957}"
EndProject
Project("{FAE04EC0-301F-11D3-BF4B-00C04F79EFBC}") = "ee.iLawyer.DataAccessBuilder.Sqlite", "Source\02.Domain\ee.iLawyer.DataAccessBuilder.Sqlite\ee.iLawyer.DataAccessBuilder.Sqlite.csproj", "{9C878AA9-B469-4D2D-B789-C1D2D0FB1F12}"
EndProject
Project("{FAE04EC0-301F-11D3-BF4B-00C04F79EFBC}") = "ee.iLawyer.DataAccessBuilder.SqlServer", "Source\02.Domain\ee.iLawyer.DataAccessBuilder.SqlServer\ee.iLawyer.DataAccessBuilder.SqlServer.csproj", "{BEB6BACD-1C3A-4B8B-8E2B-7048671B5FB0}"
EndProject
Project("{FAE04EC0-301F-11D3-BF4B-00C04F79EFBC}") = "ee.iLawyer.Db", "Source\02.Domain\ee.iLawyer.Db\ee.iLawyer.Db.csproj", "{1428652C-40B3-4F1A-92F3-F4965726B414}"
EndProject
Project("{FAE04EC0-301F-11D3-BF4B-00C04F79EFBC}") = "ee.iLawyer.Ops", "Source\02.Domain\ee.iLawyer.Ops\ee.iLawyer.Ops.csproj", "{7DFF2702-D6CB-47F9-BF63-ECFE99C37C1F}"
EndProject
Project("{FAE04EC0-301F-11D3-BF4B-00C04F79EFBC}") = "ee.iLawyer.Ops.Contact", "Source\02.Domain\ee.iLawyer.Ops.Contact\ee.iLawyer.Ops.Contact.csproj", "{8BF78A81-D48F-47DC-9D81-F9E894675C32}"
EndProject
Project("{FAE04EC0-301F-11D3-BF4B-00C04F79EFBC}") = "ee.iLawyer.ServiceProvider", "Source\02.Domain\ee.iLawyer.ServiceProvider\ee.iLawyer.ServiceProvider.csproj", "{E461D5EB-6093-4FFB-A703-337BFDAD7E6A}"
EndProject
Project("{FAE04EC0-301F-11D3-BF4B-00C04F79EFBC}") = "ee.iLawyer.Ops.Tests", "UnitTests\ee.iLawyer.Ops.Tests\ee.iLawyer.Ops.Tests.csproj", "{0277F147-7C52-441C-B9A9-F164FB222CB1}"
EndProject
Project("{FAE04EC0-301F-11D3-BF4B-00C04F79EFBC}") = "ee.iLawyer.SessionFactory.Sqlite.Tests", "UnitTests\ee.iLawyer.SessionFactory.Sqlite.Tests\ee.iLawyer.SessionFactory.Sqlite.Tests.csproj", "{43A09225-45CF-4ADF-AF6E-3D7A9E67BF62}"
EndProject
Project("{9A19103F-16F7-4668-BE54-9A1E7A4F7556}") = "ee.Core.Framework", "..\ee.library\Source\ee.Core.Framework\ee.Core.Framework.csproj", "{7D3D1F1D-973E-464A-9E60-B33CD0B34163}"
EndProject
Project("{9A19103F-16F7-4668-BE54-9A1E7A4F7556}") = "ee.Core", "..\ee.library\Source\ee.Core\ee.Core.csproj", "{A01C4DA2-F6BB-469B-9BFC-E294C02B94D5}"
EndProject
Project("{FAE04EC0-301F-11D3-BF4B-00C04F79EFBC}") = "ee.iLawyer.WebApi", "Source\03.Application\ee.iLawyer.WebApi\ee.iLawyer.WebApi.csproj", "{3F57B643-68EC-487B-AD33-60F01C58BC10}"
EndProject
Project("{FAE04EC0-301F-11D3-BF4B-00C04F79EFBC}") = "ee.Core.Framework.Tests", "UnitTests\ee.Core.Framework.Tests\ee.Core.Framework.Tests.csproj", "{59DD7B41-D263-4E20-B3FF-1BD53C8996EF}"
EndProject
Project("{FAE04EC0-301F-11D3-BF4B-00C04F79EFBC}") = "ee.Core.Testing", "..\ee.library\Source\ee.Core.Testing\ee.Core.Testing.csproj", "{7926E439-14D9-4568-A90D-DEC4FA3C53B5}"
EndProject
Project("{9A19103F-16F7-4668-BE54-9A1E7A4F7556}") = "ee.Core.Net", "..\ee.library\Source\ee.Core.Net\ee.Core.Net.csproj", "{0388003D-07CA-4107-8038-425071CFD435}"
EndProject
Project("{9A19103F-16F7-4668-BE54-9A1E7A4F7556}") = "ee.Core.NhDataAccess", "..\ee.library\Source\ee.Core.NhDataAccess\ee.Core.NhDataAccess.csproj", "{3966D182-4E0F-4300-8889-4600EC7A937E}"
EndProject
Global
	GlobalSection(SolutionConfigurationPlatforms) = preSolution
		Debug|Any CPU = Debug|Any CPU
		Debug|x86 = Debug|x86
		Release|Any CPU = Release|Any CPU
		Release|x86 = Release|x86
	EndGlobalSection
	GlobalSection(ProjectConfigurationPlatforms) = postSolution
		{9C878AA9-B469-4D2D-B789-C1D2D0FB1F12}.Debug|Any CPU.ActiveCfg = Debug|Any CPU
		{9C878AA9-B469-4D2D-B789-C1D2D0FB1F12}.Debug|Any CPU.Build.0 = Debug|Any CPU
		{9C878AA9-B469-4D2D-B789-C1D2D0FB1F12}.Debug|x86.ActiveCfg = Debug|Any CPU
		{9C878AA9-B469-4D2D-B789-C1D2D0FB1F12}.Debug|x86.Build.0 = Debug|Any CPU
		{9C878AA9-B469-4D2D-B789-C1D2D0FB1F12}.Release|Any CPU.ActiveCfg = Release|Any CPU
		{9C878AA9-B469-4D2D-B789-C1D2D0FB1F12}.Release|Any CPU.Build.0 = Release|Any CPU
		{9C878AA9-B469-4D2D-B789-C1D2D0FB1F12}.Release|x86.ActiveCfg = Release|Any CPU
		{9C878AA9-B469-4D2D-B789-C1D2D0FB1F12}.Release|x86.Build.0 = Release|Any CPU
		{BEB6BACD-1C3A-4B8B-8E2B-7048671B5FB0}.Debug|Any CPU.ActiveCfg = Debug|Any CPU
		{BEB6BACD-1C3A-4B8B-8E2B-7048671B5FB0}.Debug|Any CPU.Build.0 = Debug|Any CPU
		{BEB6BACD-1C3A-4B8B-8E2B-7048671B5FB0}.Debug|x86.ActiveCfg = Debug|Any CPU
		{BEB6BACD-1C3A-4B8B-8E2B-7048671B5FB0}.Debug|x86.Build.0 = Debug|Any CPU
		{BEB6BACD-1C3A-4B8B-8E2B-7048671B5FB0}.Release|Any CPU.ActiveCfg = Release|Any CPU
		{BEB6BACD-1C3A-4B8B-8E2B-7048671B5FB0}.Release|Any CPU.Build.0 = Release|Any CPU
		{BEB6BACD-1C3A-4B8B-8E2B-7048671B5FB0}.Release|x86.ActiveCfg = Release|Any CPU
		{BEB6BACD-1C3A-4B8B-8E2B-7048671B5FB0}.Release|x86.Build.0 = Release|Any CPU
		{1428652C-40B3-4F1A-92F3-F4965726B414}.Debug|Any CPU.ActiveCfg = Debug|Any CPU
		{1428652C-40B3-4F1A-92F3-F4965726B414}.Debug|Any CPU.Build.0 = Debug|Any CPU
		{1428652C-40B3-4F1A-92F3-F4965726B414}.Debug|x86.ActiveCfg = Debug|Any CPU
		{1428652C-40B3-4F1A-92F3-F4965726B414}.Debug|x86.Build.0 = Debug|Any CPU
		{1428652C-40B3-4F1A-92F3-F4965726B414}.Release|Any CPU.ActiveCfg = Release|Any CPU
		{1428652C-40B3-4F1A-92F3-F4965726B414}.Release|Any CPU.Build.0 = Release|Any CPU
		{1428652C-40B3-4F1A-92F3-F4965726B414}.Release|x86.ActiveCfg = Release|Any CPU
		{1428652C-40B3-4F1A-92F3-F4965726B414}.Release|x86.Build.0 = Release|Any CPU
		{7DFF2702-D6CB-47F9-BF63-ECFE99C37C1F}.Debug|Any CPU.ActiveCfg = Debug|Any CPU
		{7DFF2702-D6CB-47F9-BF63-ECFE99C37C1F}.Debug|Any CPU.Build.0 = Debug|Any CPU
		{7DFF2702-D6CB-47F9-BF63-ECFE99C37C1F}.Debug|x86.ActiveCfg = Debug|Any CPU
		{7DFF2702-D6CB-47F9-BF63-ECFE99C37C1F}.Debug|x86.Build.0 = Debug|Any CPU
		{7DFF2702-D6CB-47F9-BF63-ECFE99C37C1F}.Release|Any CPU.ActiveCfg = Release|Any CPU
		{7DFF2702-D6CB-47F9-BF63-ECFE99C37C1F}.Release|Any CPU.Build.0 = Release|Any CPU
		{7DFF2702-D6CB-47F9-BF63-ECFE99C37C1F}.Release|x86.ActiveCfg = Release|Any CPU
		{7DFF2702-D6CB-47F9-BF63-ECFE99C37C1F}.Release|x86.Build.0 = Release|Any CPU
		{8BF78A81-D48F-47DC-9D81-F9E894675C32}.Debug|Any CPU.ActiveCfg = Debug|Any CPU
		{8BF78A81-D48F-47DC-9D81-F9E894675C32}.Debug|Any CPU.Build.0 = Debug|Any CPU
		{8BF78A81-D48F-47DC-9D81-F9E894675C32}.Debug|x86.ActiveCfg = Debug|Any CPU
		{8BF78A81-D48F-47DC-9D81-F9E894675C32}.Debug|x86.Build.0 = Debug|Any CPU
		{8BF78A81-D48F-47DC-9D81-F9E894675C32}.Release|Any CPU.ActiveCfg = Release|Any CPU
		{8BF78A81-D48F-47DC-9D81-F9E894675C32}.Release|Any CPU.Build.0 = Release|Any CPU
		{8BF78A81-D48F-47DC-9D81-F9E894675C32}.Release|x86.ActiveCfg = Release|Any CPU
		{8BF78A81-D48F-47DC-9D81-F9E894675C32}.Release|x86.Build.0 = Release|Any CPU
		{E461D5EB-6093-4FFB-A703-337BFDAD7E6A}.Debug|Any CPU.ActiveCfg = Debug|Any CPU
		{E461D5EB-6093-4FFB-A703-337BFDAD7E6A}.Debug|Any CPU.Build.0 = Debug|Any CPU
		{E461D5EB-6093-4FFB-A703-337BFDAD7E6A}.Debug|x86.ActiveCfg = Debug|Any CPU
		{E461D5EB-6093-4FFB-A703-337BFDAD7E6A}.Debug|x86.Build.0 = Debug|Any CPU
		{E461D5EB-6093-4FFB-A703-337BFDAD7E6A}.Release|Any CPU.ActiveCfg = Release|Any CPU
		{E461D5EB-6093-4FFB-A703-337BFDAD7E6A}.Release|Any CPU.Build.0 = Release|Any CPU
		{E461D5EB-6093-4FFB-A703-337BFDAD7E6A}.Release|x86.ActiveCfg = Release|Any CPU
		{E461D5EB-6093-4FFB-A703-337BFDAD7E6A}.Release|x86.Build.0 = Release|Any CPU
		{0277F147-7C52-441C-B9A9-F164FB222CB1}.Debug|Any CPU.ActiveCfg = Debug|Any CPU
		{0277F147-7C52-441C-B9A9-F164FB222CB1}.Debug|Any CPU.Build.0 = Debug|Any CPU
		{0277F147-7C52-441C-B9A9-F164FB222CB1}.Debug|x86.ActiveCfg = Debug|Any CPU
		{0277F147-7C52-441C-B9A9-F164FB222CB1}.Debug|x86.Build.0 = Debug|Any CPU
		{0277F147-7C52-441C-B9A9-F164FB222CB1}.Release|Any CPU.ActiveCfg = Release|Any CPU
		{0277F147-7C52-441C-B9A9-F164FB222CB1}.Release|Any CPU.Build.0 = Release|Any CPU
		{0277F147-7C52-441C-B9A9-F164FB222CB1}.Release|x86.ActiveCfg = Release|Any CPU
		{0277F147-7C52-441C-B9A9-F164FB222CB1}.Release|x86.Build.0 = Release|Any CPU
		{43A09225-45CF-4ADF-AF6E-3D7A9E67BF62}.Debug|Any CPU.ActiveCfg = Debug|Any CPU
		{43A09225-45CF-4ADF-AF6E-3D7A9E67BF62}.Debug|Any CPU.Build.0 = Debug|Any CPU
		{43A09225-45CF-4ADF-AF6E-3D7A9E67BF62}.Debug|x86.ActiveCfg = Debug|Any CPU
		{43A09225-45CF-4ADF-AF6E-3D7A9E67BF62}.Debug|x86.Build.0 = Debug|Any CPU
		{43A09225-45CF-4ADF-AF6E-3D7A9E67BF62}.Release|Any CPU.ActiveCfg = Release|Any CPU
		{43A09225-45CF-4ADF-AF6E-3D7A9E67BF62}.Release|Any CPU.Build.0 = Release|Any CPU
		{43A09225-45CF-4ADF-AF6E-3D7A9E67BF62}.Release|x86.ActiveCfg = Release|Any CPU
		{43A09225-45CF-4ADF-AF6E-3D7A9E67BF62}.Release|x86.Build.0 = Release|Any CPU
		{7D3D1F1D-973E-464A-9E60-B33CD0B34163}.Debug|Any CPU.ActiveCfg = Debug|Any CPU
		{7D3D1F1D-973E-464A-9E60-B33CD0B34163}.Debug|Any CPU.Build.0 = Debug|Any CPU
		{7D3D1F1D-973E-464A-9E60-B33CD0B34163}.Debug|x86.ActiveCfg = Debug|Any CPU
		{7D3D1F1D-973E-464A-9E60-B33CD0B34163}.Debug|x86.Build.0 = Debug|Any CPU
		{7D3D1F1D-973E-464A-9E60-B33CD0B34163}.Release|Any CPU.ActiveCfg = Release|Any CPU
		{7D3D1F1D-973E-464A-9E60-B33CD0B34163}.Release|Any CPU.Build.0 = Release|Any CPU
		{7D3D1F1D-973E-464A-9E60-B33CD0B34163}.Release|x86.ActiveCfg = Release|Any CPU
		{7D3D1F1D-973E-464A-9E60-B33CD0B34163}.Release|x86.Build.0 = Release|Any CPU
		{A01C4DA2-F6BB-469B-9BFC-E294C02B94D5}.Debug|Any CPU.ActiveCfg = Debug|Any CPU
		{A01C4DA2-F6BB-469B-9BFC-E294C02B94D5}.Debug|Any CPU.Build.0 = Debug|Any CPU
		{A01C4DA2-F6BB-469B-9BFC-E294C02B94D5}.Debug|x86.ActiveCfg = Debug|Any CPU
		{A01C4DA2-F6BB-469B-9BFC-E294C02B94D5}.Debug|x86.Build.0 = Debug|Any CPU
		{A01C4DA2-F6BB-469B-9BFC-E294C02B94D5}.Release|Any CPU.ActiveCfg = Release|Any CPU
		{A01C4DA2-F6BB-469B-9BFC-E294C02B94D5}.Release|Any CPU.Build.0 = Release|Any CPU
		{A01C4DA2-F6BB-469B-9BFC-E294C02B94D5}.Release|x86.ActiveCfg = Release|Any CPU
		{A01C4DA2-F6BB-469B-9BFC-E294C02B94D5}.Release|x86.Build.0 = Release|Any CPU
		{3F57B643-68EC-487B-AD33-60F01C58BC10}.Debug|Any CPU.ActiveCfg = Debug|Any CPU
		{3F57B643-68EC-487B-AD33-60F01C58BC10}.Debug|Any CPU.Build.0 = Debug|Any CPU
		{3F57B643-68EC-487B-AD33-60F01C58BC10}.Debug|x86.ActiveCfg = Debug|Any CPU
		{3F57B643-68EC-487B-AD33-60F01C58BC10}.Debug|x86.Build.0 = Debug|Any CPU
		{3F57B643-68EC-487B-AD33-60F01C58BC10}.Release|Any CPU.ActiveCfg = Release|Any CPU
		{3F57B643-68EC-487B-AD33-60F01C58BC10}.Release|Any CPU.Build.0 = Release|Any CPU
		{3F57B643-68EC-487B-AD33-60F01C58BC10}.Release|x86.ActiveCfg = Release|Any CPU
		{3F57B643-68EC-487B-AD33-60F01C58BC10}.Release|x86.Build.0 = Release|Any CPU
		{59DD7B41-D263-4E20-B3FF-1BD53C8996EF}.Debug|Any CPU.ActiveCfg = Debug|Any CPU
		{59DD7B41-D263-4E20-B3FF-1BD53C8996EF}.Debug|Any CPU.Build.0 = Debug|Any CPU
		{59DD7B41-D263-4E20-B3FF-1BD53C8996EF}.Debug|x86.ActiveCfg = Debug|Any CPU
		{59DD7B41-D263-4E20-B3FF-1BD53C8996EF}.Debug|x86.Build.0 = Debug|Any CPU
		{59DD7B41-D263-4E20-B3FF-1BD53C8996EF}.Release|Any CPU.ActiveCfg = Release|Any CPU
		{59DD7B41-D263-4E20-B3FF-1BD53C8996EF}.Release|Any CPU.Build.0 = Release|Any CPU
		{59DD7B41-D263-4E20-B3FF-1BD53C8996EF}.Release|x86.ActiveCfg = Release|Any CPU
		{59DD7B41-D263-4E20-B3FF-1BD53C8996EF}.Release|x86.Build.0 = Release|Any CPU
		{7926E439-14D9-4568-A90D-DEC4FA3C53B5}.Debug|Any CPU.ActiveCfg = Debug|Any CPU
		{7926E439-14D9-4568-A90D-DEC4FA3C53B5}.Debug|Any CPU.Build.0 = Debug|Any CPU
		{7926E439-14D9-4568-A90D-DEC4FA3C53B5}.Debug|x86.ActiveCfg = Debug|Any CPU
		{7926E439-14D9-4568-A90D-DEC4FA3C53B5}.Debug|x86.Build.0 = Debug|Any CPU
		{7926E439-14D9-4568-A90D-DEC4FA3C53B5}.Release|Any CPU.ActiveCfg = Release|Any CPU
		{7926E439-14D9-4568-A90D-DEC4FA3C53B5}.Release|Any CPU.Build.0 = Release|Any CPU
		{7926E439-14D9-4568-A90D-DEC4FA3C53B5}.Release|x86.ActiveCfg = Release|Any CPU
		{7926E439-14D9-4568-A90D-DEC4FA3C53B5}.Release|x86.Build.0 = Release|Any CPU
		{0388003D-07CA-4107-8038-425071CFD435}.Debug|Any CPU.ActiveCfg = Debug|Any CPU
		{0388003D-07CA-4107-8038-425071CFD435}.Debug|Any CPU.Build.0 = Debug|Any CPU
		{0388003D-07CA-4107-8038-425071CFD435}.Debug|x86.ActiveCfg = Debug|Any CPU
		{0388003D-07CA-4107-8038-425071CFD435}.Debug|x86.Build.0 = Debug|Any CPU
		{0388003D-07CA-4107-8038-425071CFD435}.Release|Any CPU.ActiveCfg = Release|Any CPU
		{0388003D-07CA-4107-8038-425071CFD435}.Release|Any CPU.Build.0 = Release|Any CPU
		{0388003D-07CA-4107-8038-425071CFD435}.Release|x86.ActiveCfg = Release|Any CPU
		{0388003D-07CA-4107-8038-425071CFD435}.Release|x86.Build.0 = Release|Any CPU
		{3966D182-4E0F-4300-8889-4600EC7A937E}.Debug|Any CPU.ActiveCfg = Debug|Any CPU
		{3966D182-4E0F-4300-8889-4600EC7A937E}.Debug|Any CPU.Build.0 = Debug|Any CPU
		{3966D182-4E0F-4300-8889-4600EC7A937E}.Debug|x86.ActiveCfg = Debug|Any CPU
		{3966D182-4E0F-4300-8889-4600EC7A937E}.Debug|x86.Build.0 = Debug|Any CPU
		{3966D182-4E0F-4300-8889-4600EC7A937E}.Release|Any CPU.ActiveCfg = Release|Any CPU
		{3966D182-4E0F-4300-8889-4600EC7A937E}.Release|Any CPU.Build.0 = Release|Any CPU
		{3966D182-4E0F-4300-8889-4600EC7A937E}.Release|x86.ActiveCfg = Release|Any CPU
		{3966D182-4E0F-4300-8889-4600EC7A937E}.Release|x86.Build.0 = Release|Any CPU
	EndGlobalSection
	GlobalSection(SolutionProperties) = preSolution
		HideSolutionNode = FALSE
	EndGlobalSection
	GlobalSection(NestedProjects) = preSolution
		{9C878AA9-B469-4D2D-B789-C1D2D0FB1F12} = {0531C051-27E0-409E-898B-5E53AB8EF3C9}
		{BEB6BACD-1C3A-4B8B-8E2B-7048671B5FB0} = {0531C051-27E0-409E-898B-5E53AB8EF3C9}
		{1428652C-40B3-4F1A-92F3-F4965726B414} = {0531C051-27E0-409E-898B-5E53AB8EF3C9}
		{7DFF2702-D6CB-47F9-BF63-ECFE99C37C1F} = {0531C051-27E0-409E-898B-5E53AB8EF3C9}
		{8BF78A81-D48F-47DC-9D81-F9E894675C32} = {0531C051-27E0-409E-898B-5E53AB8EF3C9}
		{E461D5EB-6093-4FFB-A703-337BFDAD7E6A} = {0531C051-27E0-409E-898B-5E53AB8EF3C9}
		{0277F147-7C52-441C-B9A9-F164FB222CB1} = {25D8CC76-9C91-4B24-9FF4-A9BCD80DB957}
		{43A09225-45CF-4ADF-AF6E-3D7A9E67BF62} = {25D8CC76-9C91-4B24-9FF4-A9BCD80DB957}
		{7D3D1F1D-973E-464A-9E60-B33CD0B34163} = {1734B6AC-4DB7-46DD-9992-E2A92FC78ED1}
		{A01C4DA2-F6BB-469B-9BFC-E294C02B94D5} = {1734B6AC-4DB7-46DD-9992-E2A92FC78ED1}
		{3F57B643-68EC-487B-AD33-60F01C58BC10} = {902AD8A5-6886-4A8C-A82F-5E90BF189417}
		{59DD7B41-D263-4E20-B3FF-1BD53C8996EF} = {25D8CC76-9C91-4B24-9FF4-A9BCD80DB957}
		{7926E439-14D9-4568-A90D-DEC4FA3C53B5} = {1734B6AC-4DB7-46DD-9992-E2A92FC78ED1}
		{0388003D-07CA-4107-8038-425071CFD435} = {1734B6AC-4DB7-46DD-9992-E2A92FC78ED1}
		{3966D182-4E0F-4300-8889-4600EC7A937E} = {1734B6AC-4DB7-46DD-9992-E2A92FC78ED1}
	EndGlobalSection
	GlobalSection(ExtensibilityGlobals) = postSolution
		SolutionGuid = {CFB8C462-43AF-4F25-AF0E-063F48129697}
	EndGlobalSection
EndGlobal
